// !$*UTF8*$!
{
	archiveVersion = 1;
	classes = {
	};
	objectVersion = 55;
	objects = {

/* Begin PBXBuildFile section */
		2330A7C8277E284200097A6A /* NavigationBarFadeAnimation.swift in Sources */ = {isa = PBXBuildFile; fileRef = 2330A7C7277E284200097A6A /* NavigationBarFadeAnimation.swift */; };
		2330A7CA277E285000097A6A /* NavigationBarFadeAnimation.storyboard in Resources */ = {isa = PBXBuildFile; fileRef = 2330A7C9277E285000097A6A /* NavigationBarFadeAnimation.storyboard */; };
		238A3C9D277E14530009A5C9 /* AppDelegate.swift in Sources */ = {isa = PBXBuildFile; fileRef = 238A3C9C277E14530009A5C9 /* AppDelegate.swift */; };
		238A3CA1277E14530009A5C9 /* UpsideViewScroll.swift in Sources */ = {isa = PBXBuildFile; fileRef = 238A3CA0277E14530009A5C9 /* UpsideViewScroll.swift */; };
		238A3CA4277E14530009A5C9 /* UpsideViewScroll.storyboard in Resources */ = {isa = PBXBuildFile; fileRef = 238A3CA2277E14530009A5C9 /* UpsideViewScroll.storyboard */; };
		238A3CA6277E14530009A5C9 /* Assets.xcassets in Resources */ = {isa = PBXBuildFile; fileRef = 238A3CA5277E14530009A5C9 /* Assets.xcassets */; };
		238A3CA9277E14530009A5C9 /* LaunchScreen.storyboard in Resources */ = {isa = PBXBuildFile; fileRef = 238A3CA7277E14530009A5C9 /* LaunchScreen.storyboard */; };
/* End PBXBuildFile section */

/* Begin PBXFileReference section */
		2330A7C7277E284200097A6A /* NavigationBarFadeAnimation.swift */ = {isa = PBXFileReference; lastKnownFileType = sourcecode.swift; path = NavigationBarFadeAnimation.swift; sourceTree = "<group>"; };
		2330A7C9277E285000097A6A /* NavigationBarFadeAnimation.storyboard */ = {isa = PBXFileReference; lastKnownFileType = file.storyboard; path = NavigationBarFadeAnimation.storyboard; sourceTree = "<group>"; };
		238A3C99277E14530009A5C9 /* iOS_ViewStudy.app */ = {isa = PBXFileReference; explicitFileType = wrapper.application; includeInIndex = 0; path = iOS_ViewStudy.app; sourceTree = BUILT_PRODUCTS_DIR; };
		238A3C9C277E14530009A5C9 /* AppDelegate.swift */ = {isa = PBXFileReference; lastKnownFileType = sourcecode.swift; path = AppDelegate.swift; sourceTree = "<group>"; };
		238A3CA0277E14530009A5C9 /* UpsideViewScroll.swift */ = {isa = PBXFileReference; lastKnownFileType = sourcecode.swift; path = UpsideViewScroll.swift; sourceTree = "<group>"; };
		238A3CA3277E14530009A5C9 /* Base */ = {isa = PBXFileReference; lastKnownFileType = file.storyboard; name = Base; path = Base.lproj/UpsideViewScroll.storyboard; sourceTree = "<group>"; };
		238A3CA5277E14530009A5C9 /* Assets.xcassets */ = {isa = PBXFileReference; lastKnownFileType = folder.assetcatalog; path = Assets.xcassets; sourceTree = "<group>"; };
		238A3CA8277E14530009A5C9 /* Base */ = {isa = PBXFileReference; lastKnownFileType = file.storyboard; name = Base; path = Base.lproj/LaunchScreen.storyboard; sourceTree = "<group>"; };
		238A3CAA277E14530009A5C9 /* Info.plist */ = {isa = PBXFileReference; lastKnownFileType = text.plist.xml; path = Info.plist; sourceTree = "<group>"; };
/* End PBXFileReference section */

/* Begin PBXFrameworksBuildPhase section */
		238A3C96277E14530009A5C9 /* Frameworks */ = {
			isa = PBXFrameworksBuildPhase;
			buildActionMask = 2147483647;
			files = (
			);
			runOnlyForDeploymentPostprocessing = 0;
		};
/* End PBXFrameworksBuildPhase section */

/* Begin PBXGroup section */
		2330A7C6277E280200097A6A /* NavigationBarFadeAnimation */ = {
			isa = PBXGroup;
			children = (
				2330A7C7277E284200097A6A /* NavigationBarFadeAnimation.swift */,
				2330A7C9277E285000097A6A /* NavigationBarFadeAnimation.storyboard */,
			);
			path = NavigationBarFadeAnimation;
			sourceTree = "<group>";
		};
		238A3C90277E14530009A5C9 = {
			isa = PBXGroup;
			children = (
				238A3C9B277E14530009A5C9 /* iOS_ViewStudy */,
				238A3C9A277E14530009A5C9 /* Products */,
			);
			sourceTree = "<group>";
		};
		238A3C9A277E14530009A5C9 /* Products */ = {
			isa = PBXGroup;
			children = (
				238A3C99277E14530009A5C9 /* iOS_ViewStudy.app */,
			);
			name = Products;
			sourceTree = "<group>";
		};
		238A3C9B277E14530009A5C9 /* iOS_ViewStudy */ = {
			isa = PBXGroup;
			children = (
				2330A7C6277E280200097A6A /* NavigationBarFadeAnimation */,
				238A3CB1277E147D0009A5C9 /* UpsideViewScroll */,
				238A3CB0277E146A0009A5C9 /* Supports */,
			);
			path = iOS_ViewStudy;
			sourceTree = "<group>";
		};
		238A3CB0277E146A0009A5C9 /* Supports */ = {
			isa = PBXGroup;
			children = (
				238A3CA5277E14530009A5C9 /* Assets.xcassets */,
				238A3CA7277E14530009A5C9 /* LaunchScreen.storyboard */,
				238A3CAA277E14530009A5C9 /* Info.plist */,
				238A3C9C277E14530009A5C9 /* AppDelegate.swift */,
			);
			path = Supports;
			sourceTree = "<group>";
		};
		238A3CB1277E147D0009A5C9 /* UpsideViewScroll */ = {
			isa = PBXGroup;
			children = (
				238A3CA0277E14530009A5C9 /* UpsideViewScroll.swift */,
				238A3CA2277E14530009A5C9 /* UpsideViewScroll.storyboard */,
			);
			path = UpsideViewScroll;
			sourceTree = "<group>";
		};
/* End PBXGroup section */

/* Begin PBXNativeTarget section */
		238A3C98277E14530009A5C9 /* iOS_ViewStudy */ = {
			isa = PBXNativeTarget;
			buildConfigurationList = 238A3CAD277E14530009A5C9 /* Build configuration list for PBXNativeTarget "iOS_ViewStudy" */;
			buildPhases = (
				238A3C95277E14530009A5C9 /* Sources */,
				238A3C96277E14530009A5C9 /* Frameworks */,
				238A3C97277E14530009A5C9 /* Resources */,
			);
			buildRules = (
			);
			dependencies = (
			);
			name = iOS_ViewStudy;
			productName = iOS_ViewStudy;
			productReference = 238A3C99277E14530009A5C9 /* iOS_ViewStudy.app */;
			productType = "com.apple.product-type.application";
		};
/* End PBXNativeTarget section */

/* Begin PBXProject section */
		238A3C91277E14530009A5C9 /* Project object */ = {
			isa = PBXProject;
			attributes = {
				BuildIndependentTargetsInParallel = 1;
				LastSwiftUpdateCheck = 1310;
				LastUpgradeCheck = 1310;
				TargetAttributes = {
					238A3C98277E14530009A5C9 = {
						CreatedOnToolsVersion = 13.1;
					};
				};
			};
			buildConfigurationList = 238A3C94277E14530009A5C9 /* Build configuration list for PBXProject "iOS_ViewStudy" */;
			compatibilityVersion = "Xcode 13.0";
			developmentRegion = en;
			hasScannedForEncodings = 0;
			knownRegions = (
				en,
				Base,
			);
			mainGroup = 238A3C90277E14530009A5C9;
			productRefGroup = 238A3C9A277E14530009A5C9 /* Products */;
			projectDirPath = "";
			projectRoot = "";
			targets = (
				238A3C98277E14530009A5C9 /* iOS_ViewStudy */,
			);
		};
/* End PBXProject section */

/* Begin PBXResourcesBuildPhase section */
		238A3C97277E14530009A5C9 /* Resources */ = {
			isa = PBXResourcesBuildPhase;
			buildActionMask = 2147483647;
			files = (
				238A3CA9277E14530009A5C9 /* LaunchScreen.storyboard in Resources */,
				2330A7CA277E285000097A6A /* NavigationBarFadeAnimation.storyboard in Resources */,
				238A3CA6277E14530009A5C9 /* Assets.xcassets in Resources */,
				238A3CA4277E14530009A5C9 /* UpsideViewScroll.storyboard in Resources */,
			);
			runOnlyForDeploymentPostprocessing = 0;
		};
/* End PBXResourcesBuildPhase section */

/* Begin PBXSourcesBuildPhase section */
		238A3C95277E14530009A5C9 /* Sources */ = {
			isa = PBXSourcesBuildPhase;
			buildActionMask = 2147483647;
			files = (
				2330A7C8277E284200097A6A /* NavigationBarFadeAnimation.swift in Sources */,
				238A3CA1277E14530009A5C9 /* UpsideViewScroll.swift in Sources */,
				238A3C9D277E14530009A5C9 /* AppDelegate.swift in Sources */,
			);
			runOnlyForDeploymentPostprocessing = 0;
		};
/* End PBXSourcesBuildPhase section */

/* Begin PBXVariantGroup section */
		238A3CA2277E14530009A5C9 /* UpsideViewScroll.storyboard */ = {
			isa = PBXVariantGroup;
			children = (
				238A3CA3277E14530009A5C9 /* Base */,
			);
			name = UpsideViewScroll.storyboard;
			sourceTree = "<group>";
		};
		238A3CA7277E14530009A5C9 /* LaunchScreen.storyboard */ = {
			isa = PBXVariantGroup;
			children = (
				238A3CA8277E14530009A5C9 /* Base */,
			);
			name = LaunchScreen.storyboard;
			sourceTree = "<group>";
		};
/* End PBXVariantGroup section */

/* Begin XCBuildConfiguration section */
		238A3CAB277E14530009A5C9 /* Debug */ = {
			isa = XCBuildConfiguration;
			buildSettings = {
				ALWAYS_SEARCH_USER_PATHS = NO;
				CLANG_ANALYZER_NONNULL = YES;
				CLANG_ANALYZER_NUMBER_OBJECT_CONVERSION = YES_AGGRESSIVE;
				CLANG_CXX_LANGUAGE_STANDARD = "gnu++17";
				CLANG_CXX_LIBRARY = "libc++";
				CLANG_ENABLE_MODULES = YES;
				CLANG_ENABLE_OBJC_ARC = YES;
				CLANG_ENABLE_OBJC_WEAK = YES;
				CLANG_WARN_BLOCK_CAPTURE_AUTORELEASING = YES;
				CLANG_WARN_BOOL_CONVERSION = YES;
				CLANG_WARN_COMMA = YES;
				CLANG_WARN_CONSTANT_CONVERSION = YES;
				CLANG_WARN_DEPRECATED_OBJC_IMPLEMENTATIONS = YES;
				CLANG_WARN_DIRECT_OBJC_ISA_USAGE = YES_ERROR;
				CLANG_WARN_DOCUMENTATION_COMMENTS = YES;
				CLANG_WARN_EMPTY_BODY = YES;
				CLANG_WARN_ENUM_CONVERSION = YES;
				CLANG_WARN_INFINITE_RECURSION = YES;
				CLANG_WARN_INT_CONVERSION = YES;
				CLANG_WARN_NON_LITERAL_NULL_CONVERSION = YES;
				CLANG_WARN_OBJC_IMPLICIT_RETAIN_SELF = YES;
				CLANG_WARN_OBJC_LITERAL_CONVERSION = YES;
				CLANG_WARN_OBJC_ROOT_CLASS = YES_ERROR;
				CLANG_WARN_QUOTED_INCLUDE_IN_FRAMEWORK_HEADER = YES;
				CLANG_WARN_RANGE_LOOP_ANALYSIS = YES;
				CLANG_WARN_STRICT_PROTOTYPES = YES;
				CLANG_WARN_SUSPICIOUS_MOVE = YES;
				CLANG_WARN_UNGUARDED_AVAILABILITY = YES_AGGRESSIVE;
				CLANG_WARN_UNREACHABLE_CODE = YES;
				CLANG_WARN__DUPLICATE_METHOD_MATCH = YES;
				COPY_PHASE_STRIP = NO;
				DEBUG_INFORMATION_FORMAT = dwarf;
				ENABLE_STRICT_OBJC_MSGSEND = YES;
				ENABLE_TESTABILITY = YES;
				GCC_C_LANGUAGE_STANDARD = gnu11;
				GCC_DYNAMIC_NO_PIC = NO;
				GCC_NO_COMMON_BLOCKS = YES;
				GCC_OPTIMIZATION_LEVEL = 0;
				GCC_PREPROCESSOR_DEFINITIONS = (
					"DEBUG=1",
					"$(inherited)",
				);
				GCC_WARN_64_TO_32_BIT_CONVERSION = YES;
				GCC_WARN_ABOUT_RETURN_TYPE = YES_ERROR;
				GCC_WARN_UNDECLARED_SELECTOR = YES;
				GCC_WARN_UNINITIALIZED_AUTOS = YES_AGGRESSIVE;
				GCC_WARN_UNUSED_FUNCTION = YES;
				GCC_WARN_UNUSED_VARIABLE = YES;
				IPHONEOS_DEPLOYMENT_TARGET = 15.0;
				MTL_ENABLE_DEBUG_INFO = INCLUDE_SOURCE;
				MTL_FAST_MATH = YES;
				ONLY_ACTIVE_ARCH = YES;
				SDKROOT = iphoneos;
				SWIFT_ACTIVE_COMPILATION_CONDITIONS = DEBUG;
				SWIFT_OPTIMIZATION_LEVEL = "-Onone";
			};
			name = Debug;
		};
		238A3CAC277E14530009A5C9 /* Release */ = {
			isa = XCBuildConfiguration;
			buildSettings = {
				ALWAYS_SEARCH_USER_PATHS = NO;
				CLANG_ANALYZER_NONNULL = YES;
				CLANG_ANALYZER_NUMBER_OBJECT_CONVERSION = YES_AGGRESSIVE;
				CLANG_CXX_LANGUAGE_STANDARD = "gnu++17";
				CLANG_CXX_LIBRARY = "libc++";
				CLANG_ENABLE_MODULES = YES;
				CLANG_ENABLE_OBJC_ARC = YES;
				CLANG_ENABLE_OBJC_WEAK = YES;
				CLANG_WARN_BLOCK_CAPTURE_AUTORELEASING = YES;
				CLANG_WARN_BOOL_CONVERSION = YES;
				CLANG_WARN_COMMA = YES;
				CLANG_WARN_CONSTANT_CONVERSION = YES;
				CLANG_WARN_DEPRECATED_OBJC_IMPLEMENTATIONS = YES;
				CLANG_WARN_DIRECT_OBJC_ISA_USAGE = YES_ERROR;
				CLANG_WARN_DOCUMENTATION_COMMENTS = YES;
				CLANG_WARN_EMPTY_BODY = YES;
				CLANG_WARN_ENUM_CONVERSION = YES;
				CLANG_WARN_INFINITE_RECURSION = YES;
				CLANG_WARN_INT_CONVERSION = YES;
				CLANG_WARN_NON_LITERAL_NULL_CONVERSION = YES;
				CLANG_WARN_OBJC_IMPLICIT_RETAIN_SELF = YES;
				CLANG_WARN_OBJC_LITERAL_CONVERSION = YES;
				CLANG_WARN_OBJC_ROOT_CLASS = YES_ERROR;
				CLANG_WARN_QUOTED_INCLUDE_IN_FRAMEWORK_HEADER = YES;
				CLANG_WARN_RANGE_LOOP_ANALYSIS = YES;
				CLANG_WARN_STRICT_PROTOTYPES = YES;
				CLANG_WARN_SUSPICIOUS_MOVE = YES;
				CLANG_WARN_UNGUARDED_AVAILABILITY = YES_AGGRESSIVE;
				CLANG_WARN_UNREACHABLE_CODE = YES;
				CLANG_WARN__DUPLICATE_METHOD_MATCH = YES;
				COPY_PHASE_STRIP = NO;
				DEBUG_INFORMATION_FORMAT = "dwarf-with-dsym";
				ENABLE_NS_ASSERTIONS = NO;
				ENABLE_STRICT_OBJC_MSGSEND = YES;
				GCC_C_LANGUAGE_STANDARD = gnu11;
				GCC_NO_COMMON_BLOCKS = YES;
				GCC_WARN_64_TO_32_BIT_CONVERSION = YES;
				GCC_WARN_ABOUT_RETURN_TYPE = YES_ERROR;
				GCC_WARN_UNDECLARED_SELECTOR = YES;
				GCC_WARN_UNINITIALIZED_AUTOS = YES_AGGRESSIVE;
				GCC_WARN_UNUSED_FUNCTION = YES;
				GCC_WARN_UNUSED_VARIABLE = YES;
				IPHONEOS_DEPLOYMENT_TARGET = 15.0;
				MTL_ENABLE_DEBUG_INFO = NO;
				MTL_FAST_MATH = YES;
				SDKROOT = iphoneos;
				SWIFT_COMPILATION_MODE = wholemodule;
				SWIFT_OPTIMIZATION_LEVEL = "-O";
				VALIDATE_PRODUCT = YES;
			};
			name = Release;
		};
		238A3CAE277E14530009A5C9 /* Debug */ = {
			isa = XCBuildConfiguration;
			buildSettings = {
				ASSETCATALOG_COMPILER_APPICON_NAME = AppIcon;
				ASSETCATALOG_COMPILER_GLOBAL_ACCENT_COLOR_NAME = AccentColor;
				CODE_SIGN_STYLE = Automatic;
				CURRENT_PROJECT_VERSION = 1;
				GENERATE_INFOPLIST_FILE = YES;
				INFOPLIST_FILE = iOS_ViewStudy/Supports/Info.plist;
				INFOPLIST_KEY_UIApplicationSupportsIndirectInputEvents = YES;
				INFOPLIST_KEY_UILaunchStoryboardName = LaunchScreen;
				INFOPLIST_KEY_UIMainStoryboardFile = NavigationBarFadeAnimation;
				INFOPLIST_KEY_UISupportedInterfaceOrientations_iPad = "UIInterfaceOrientationPortrait UIInterfaceOrientationPortraitUpsideDown UIInterfaceOrientationLandscapeLeft UIInterfaceOrientationLandscapeRight";
				INFOPLIST_KEY_UISupportedInterfaceOrientations_iPhone = "UIInterfaceOrientationPortrait UIInterfaceOrientationLandscapeLeft UIInterfaceOrientationLandscapeRight";
				LD_RUNPATH_SEARCH_PATHS = (
					"$(inherited)",
					"@executable_path/Frameworks",
				);
				MARKETING_VERSION = 1.0;
				PRODUCT_BUNDLE_IDENTIFIER = "com.hyk.iOS-ViewStudy";
				PRODUCT_NAME = "$(TARGET_NAME)";
				SWIFT_EMIT_LOC_STRINGS = YES;
				SWIFT_VERSION = 5.0;
				TARGETED_DEVICE_FAMILY = "1,2";
			};
			name = Debug;
		};
		238A3CAF277E14530009A5C9 /* Release */ = {
			isa = XCBuildConfiguration;
			buildSettings = {
				ASSETCATALOG_COMPILER_APPICON_NAME = AppIcon;
				ASSETCATALOG_COMPILER_GLOBAL_ACCENT_COLOR_NAME = AccentColor;
				CODE_SIGN_STYLE = Automatic;
				CURRENT_PROJECT_VERSION = 1;
				GENERATE_INFOPLIST_FILE = YES;
				INFOPLIST_FILE = iOS_ViewStudy/Supports/Info.plist;
				INFOPLIST_KEY_UIApplicationSupportsIndirectInputEvents = YES;
				INFOPLIST_KEY_UILaunchStoryboardName = LaunchScreen;
				INFOPLIST_KEY_UIMainStoryboardFile = NavigationBarFadeAnimation;
				INFOPLIST_KEY_UISupportedInterfaceOrientations_iPad = "UIInterfaceOrientationPortrait UIInterfaceOrientationPortraitUpsideDown UIInterfaceOrientationLandscapeLeft UIInterfaceOrientationLandscapeRight";
				INFOPLIST_KEY_UISupportedInterfaceOrientations_iPhone = "UIInterfaceOrientationPortrait UIInterfaceOrientationLandscapeLeft UIInterfaceOrientationLandscapeRight";
				LD_RUNPATH_SEARCH_PATHS = (
					"$(inherited)",
					"@executable_path/Frameworks",
				);
				MARKETING_VERSION = 1.0;
				PRODUCT_BUNDLE_IDENTIFIER = "com.hyk.iOS-ViewStudy";
				PRODUCT_NAME = "$(TARGET_NAME)";
				SWIFT_EMIT_LOC_STRINGS = YES;
				SWIFT_VERSION = 5.0;
				TARGETED_DEVICE_FAMILY = "1,2";
			};
			name = Release;
		};
/* End XCBuildConfiguration section */

/* Begin XCConfigurationList section */
		238A3C94277E14530009A5C9 /* Build configuration list for PBXProject "iOS_ViewStudy" */ = {
			isa = XCConfigurationList;
			buildConfigurations = (
				238A3CAB277E14530009A5C9 /* Debug */,
				238A3CAC277E14530009A5C9 /* Release */,
			);
			defaultConfigurationIsVisible = 0;
			defaultConfigurationName = Release;
		};
		238A3CAD277E14530009A5C9 /* Build configuration list for PBXNativeTarget "iOS_ViewStudy" */ = {
			isa = XCConfigurationList;
			buildConfigurations = (
				238A3CAE277E14530009A5C9 /* Debug */,
				238A3CAF277E14530009A5C9 /* Release */,
			);
			defaultConfigurationIsVisible = 0;
			defaultConfigurationName = Release;
		};
/* End XCConfigurationList section */
	};
	rootObject = 238A3C91277E14530009A5C9 /* Project object */;
}
