// !$*UTF8*$!
{
	archiveVersion = 1;
	classes = {
	};
	objectVersion = 55;
	objects = {

/* Begin PBXBuildFile section */
		23190FBF279C1727000F96DF /* TransformViewToImageVC.swift in Sources */ = {isa = PBXBuildFile; fileRef = 23190FBE279C1727000F96DF /* TransformViewToImageVC.swift */; };
		23190FC1279C173B000F96DF /* TransformViewToImage.storyboard in Resources */ = {isa = PBXBuildFile; fileRef = 23190FC0279C173B000F96DF /* TransformViewToImage.storyboard */; };
		23190FC4279C5512000F96DF /* OnboardingVC.swift in Sources */ = {isa = PBXBuildFile; fileRef = 23190FC3279C5512000F96DF /* OnboardingVC.swift */; };
		23190FC6279C5522000F96DF /* Onboarding.storyboard in Resources */ = {isa = PBXBuildFile; fileRef = 23190FC5279C5522000F96DF /* Onboarding.storyboard */; };
		23190FC8279C623E000F96DF /* OnboardingBaseVC.swift in Sources */ = {isa = PBXBuildFile; fileRef = 23190FC7279C623E000F96DF /* OnboardingBaseVC.swift */; };
		23190FCA279C624A000F96DF /* OnboardingBase.storyboard in Resources */ = {isa = PBXBuildFile; fileRef = 23190FC9279C624A000F96DF /* OnboardingBase.storyboard */; };
		231A97D6279B030A00143845 /* MenuBtnVC.swift in Sources */ = {isa = PBXBuildFile; fileRef = 231A97D5279B030A00143845 /* MenuBtnVC.swift */; };
		231A97D8279B032100143845 /* MenuBtn.storyboard in Resources */ = {isa = PBXBuildFile; fileRef = 231A97D7279B032100143845 /* MenuBtn.storyboard */; };
		23247F9127A8F880005B7578 /* ProfileHeaderView.xib in Resources */ = {isa = PBXBuildFile; fileRef = 23247F9027A8F880005B7578 /* ProfileHeaderView.xib */; };
		23247F9927A8FC32005B7578 /* CellFooterView.xib in Resources */ = {isa = PBXBuildFile; fileRef = 23247F9827A8FC32005B7578 /* CellFooterView.xib */; };
		23247F9B27A94B66005B7578 /* CommunityVC.swift in Sources */ = {isa = PBXBuildFile; fileRef = 23247F9A27A94B66005B7578 /* CommunityVC.swift */; };
		23247F9D27A94B72005B7578 /* Community.storyboard in Resources */ = {isa = PBXBuildFile; fileRef = 23247F9C27A94B72005B7578 /* Community.storyboard */; };
		23247F9F27A94D36005B7578 /* ProfileHeaderView.swift in Sources */ = {isa = PBXBuildFile; fileRef = 23247F9E27A94D36005B7578 /* ProfileHeaderView.swift */; };
		23247FA127A94FE9005B7578 /* CommunityTVC.swift in Sources */ = {isa = PBXBuildFile; fileRef = 23247FA027A94FE9005B7578 /* CommunityTVC.swift */; };
		23247FA327A95AAE005B7578 /* CellFooterView.swift in Sources */ = {isa = PBXBuildFile; fileRef = 23247FA227A95AAE005B7578 /* CellFooterView.swift */; };
		23295D16279B08540097AEC8 /* MenuBtnTVC.swift in Sources */ = {isa = PBXBuildFile; fileRef = 23295D15279B08540097AEC8 /* MenuBtnTVC.swift */; };
		2330A7C8277E284200097A6A /* NavigationBarFadeAnimation.swift in Sources */ = {isa = PBXBuildFile; fileRef = 2330A7C7277E284200097A6A /* NavigationBarFadeAnimation.swift */; };
		2330A7CA277E285000097A6A /* NavigationBarFadeAnimation.storyboard in Resources */ = {isa = PBXBuildFile; fileRef = 2330A7C9277E285000097A6A /* NavigationBarFadeAnimation.storyboard */; };
		234D0CF127CE9A7C00E48FC5 /* YPImagePickerTest.swift in Sources */ = {isa = PBXBuildFile; fileRef = 234D0CF027CE9A7C00E48FC5 /* YPImagePickerTest.swift */; };
		23552CB727B6528800550748 /* PostModel.swift in Sources */ = {isa = PBXBuildFile; fileRef = 23552CB627B6528800550748 /* PostModel.swift */; };
		23552CB927B6529200550748 /* PostManager.swift in Sources */ = {isa = PBXBuildFile; fileRef = 23552CB827B6529200550748 /* PostManager.swift */; };
		23552CBB27B6579D00550748 /* ITZZAAPITestVC.swift in Sources */ = {isa = PBXBuildFile; fileRef = 23552CBA27B6579D00550748 /* ITZZAAPITestVC.swift */; };
		23552CBD27B657A700550748 /* ITZZAAPITest.storyboard in Resources */ = {isa = PBXBuildFile; fileRef = 23552CBC27B657A700550748 /* ITZZAAPITest.storyboard */; };
		2355FAE427B1751500818E37 /* StackViewWithScrollView.swift in Sources */ = {isa = PBXBuildFile; fileRef = 2355FAE327B1751500818E37 /* StackViewWithScrollView.swift */; };
		2355FAE627B1751E00818E37 /* StackViewWithScrollView.storyboard in Resources */ = {isa = PBXBuildFile; fileRef = 2355FAE527B1751E00818E37 /* StackViewWithScrollView.storyboard */; };
		2369505327D71EE000A0B01A /* CustomCameraVC.swift in Sources */ = {isa = PBXBuildFile; fileRef = 2369505227D71EE000A0B01A /* CustomCameraVC.swift */; };
		2369505527D71EFF00A0B01A /* CustomCamera.storyboard in Resources */ = {isa = PBXBuildFile; fileRef = 2369505427D71EFF00A0B01A /* CustomCamera.storyboard */; };
		23750005278C398A0005C558 /* DragCollectionView.swift in Sources */ = {isa = PBXBuildFile; fileRef = 23750004278C398A0005C558 /* DragCollectionView.swift */; };
		23750007278C39940005C558 /* DragCollectionView.storyboard in Resources */ = {isa = PBXBuildFile; fileRef = 23750006278C39940005C558 /* DragCollectionView.storyboard */; };
		23750009278C459A0005C558 /* DragCollectionViewCell.swift in Sources */ = {isa = PBXBuildFile; fileRef = 23750008278C459A0005C558 /* DragCollectionViewCell.swift */; };
		2375000C278C62C80005C558 /* DevicePhotoCV.swift in Sources */ = {isa = PBXBuildFile; fileRef = 2375000B278C62C80005C558 /* DevicePhotoCV.swift */; };
		2375000E278C62E00005C558 /* DevicePhotoCV.storyboard in Resources */ = {isa = PBXBuildFile; fileRef = 2375000D278C62E00005C558 /* DevicePhotoCV.storyboard */; };
		23750010278C6D0E0005C558 /* DevicePhotoCVC.swift in Sources */ = {isa = PBXBuildFile; fileRef = 2375000F278C6D0E0005C558 /* DevicePhotoCVC.swift */; };
		2376C23B2786D3C700EBE329 /* ProfileImageWithGallery.swift in Sources */ = {isa = PBXBuildFile; fileRef = 2376C23A2786D3C700EBE329 /* ProfileImageWithGallery.swift */; };
		2376C23D2786D42D00EBE329 /* ProfileImageWithGallery.storyboard in Resources */ = {isa = PBXBuildFile; fileRef = 2376C23C2786D42D00EBE329 /* ProfileImageWithGallery.storyboard */; };
		238A3C9D277E14530009A5C9 /* AppDelegate.swift in Sources */ = {isa = PBXBuildFile; fileRef = 238A3C9C277E14530009A5C9 /* AppDelegate.swift */; };
		238A3CA1277E14530009A5C9 /* UpsideViewScroll.swift in Sources */ = {isa = PBXBuildFile; fileRef = 238A3CA0277E14530009A5C9 /* UpsideViewScroll.swift */; };
		238A3CA4277E14530009A5C9 /* UpsideViewScroll.storyboard in Resources */ = {isa = PBXBuildFile; fileRef = 238A3CA2277E14530009A5C9 /* UpsideViewScroll.storyboard */; };
		238A3CA6277E14530009A5C9 /* Assets.xcassets in Resources */ = {isa = PBXBuildFile; fileRef = 238A3CA5277E14530009A5C9 /* Assets.xcassets */; };
		238A3CA9277E14530009A5C9 /* LaunchScreen.storyboard in Resources */ = {isa = PBXBuildFile; fileRef = 238A3CA7277E14530009A5C9 /* LaunchScreen.storyboard */; };
		23934D3D2790632F007857D3 /* SideMenu.swift in Sources */ = {isa = PBXBuildFile; fileRef = 23934D3C2790632F007857D3 /* SideMenu.swift */; };
		23934D3F27906339007857D3 /* SideMenu.storyboard in Resources */ = {isa = PBXBuildFile; fileRef = 23934D3E27906339007857D3 /* SideMenu.storyboard */; };
		23934D4127906653007857D3 /* BaseView.swift in Sources */ = {isa = PBXBuildFile; fileRef = 23934D4027906653007857D3 /* BaseView.swift */; };
		23934D432790665A007857D3 /* BaseView.storyboard in Resources */ = {isa = PBXBuildFile; fileRef = 23934D422790665A007857D3 /* BaseView.storyboard */; };
		23934D452790683D007857D3 /* CustomSideMenuNC.swift in Sources */ = {isa = PBXBuildFile; fileRef = 23934D442790683D007857D3 /* CustomSideMenuNC.swift */; };
		239734FB282907F7003D233C /* Dailyst.swift in Sources */ = {isa = PBXBuildFile; fileRef = 239734FA282907F7003D233C /* Dailyst.swift */; };
		239734FD28292800003D233C /* EmotionType.swift in Sources */ = {isa = PBXBuildFile; fileRef = 239734FC28292800003D233C /* EmotionType.swift */; };
		239734FF28295023003D233C /* DailystBase.storyboard in Resources */ = {isa = PBXBuildFile; fileRef = 239734FE28295023003D233C /* DailystBase.storyboard */; };
		2397350128295032003D233C /* DailystBase.swift in Sources */ = {isa = PBXBuildFile; fileRef = 2397350028295032003D233C /* DailystBase.swift */; };
		239A0B4F279DA436000A2567 /* CollectionViewBasicVC.swift in Sources */ = {isa = PBXBuildFile; fileRef = 239A0B4E279DA436000A2567 /* CollectionViewBasicVC.swift */; };
		239A0B51279DA44A000A2567 /* CollectionViewBasic.storyboard in Resources */ = {isa = PBXBuildFile; fileRef = 239A0B50279DA44A000A2567 /* CollectionViewBasic.storyboard */; };
		239A0B53279DA829000A2567 /* BasicCVC.swift in Sources */ = {isa = PBXBuildFile; fileRef = 239A0B52279DA829000A2567 /* BasicCVC.swift */; };
		239A445227B37DB900D99521 /* TableViewReusableHeader.swift in Sources */ = {isa = PBXBuildFile; fileRef = 239A445127B37DB900D99521 /* TableViewReusableHeader.swift */; };
		239A445427B37DED00D99521 /* TableViewReusableHeader.xib in Resources */ = {isa = PBXBuildFile; fileRef = 239A445327B37DED00D99521 /* TableViewReusableHeader.xib */; };
		239A445627B37F1900D99521 /* TableViewWithHeaderView.swift in Sources */ = {isa = PBXBuildFile; fileRef = 239A445527B37F1800D99521 /* TableViewWithHeaderView.swift */; };
		239A445827B37F2300D99521 /* TableViewWithHeaderView.storyboard in Resources */ = {isa = PBXBuildFile; fileRef = 239A445727B37F2300D99521 /* TableViewWithHeaderView.storyboard */; };
		23A261AA27A106880052D244 /* ByteCoin.storyboard in Resources */ = {isa = PBXBuildFile; fileRef = 23A261A927A106880052D244 /* ByteCoin.storyboard */; };
		23A261AC27A106A00052D244 /* ByteCoinVC.swift in Sources */ = {isa = PBXBuildFile; fileRef = 23A261AB27A106A00052D244 /* ByteCoinVC.swift */; };
		23A261B227A112EF0052D244 /* CoinManager.swift in Sources */ = {isa = PBXBuildFile; fileRef = 23A261B127A112EF0052D244 /* CoinManager.swift */; };
		23ADD5852850AC4A003AAF4C /* LockSettingVC.swift in Sources */ = {isa = PBXBuildFile; fileRef = 23ADD5842850AC4A003AAF4C /* LockSettingVC.swift */; };
		23CB9EBA27ACEC1B00BC0F97 /* ButtonCustom.storyboard in Resources */ = {isa = PBXBuildFile; fileRef = 23CB9EB927ACEC1B00BC0F97 /* ButtonCustom.storyboard */; };
		23CB9EBC27ACEC3100BC0F97 /* ButtonCustomVC.swift in Sources */ = {isa = PBXBuildFile; fileRef = 23CB9EBB27ACEC3100BC0F97 /* ButtonCustomVC.swift */; };
		23CF06AE27AEC16200E81F4C /* CategoryVC.swift in Sources */ = {isa = PBXBuildFile; fileRef = 23CF06AD27AEC16200E81F4C /* CategoryVC.swift */; };
		23CF06B027AEC16900E81F4C /* Category.storyboard in Resources */ = {isa = PBXBuildFile; fileRef = 23CF06AF27AEC16900E81F4C /* Category.storyboard */; };
		23CF06B227AEC2C200E81F4C /* PostFeedVC.swift in Sources */ = {isa = PBXBuildFile; fileRef = 23CF06B127AEC2C200E81F4C /* PostFeedVC.swift */; };
		23CF06B427AEC2C900E81F4C /* PostFeed.storyboard in Resources */ = {isa = PBXBuildFile; fileRef = 23CF06B327AEC2C900E81F4C /* PostFeed.storyboard */; };
		23CF06B627AEC32300E81F4C /* ViewControllerFactory.swift in Sources */ = {isa = PBXBuildFile; fileRef = 23CF06B527AEC32300E81F4C /* ViewControllerFactory.swift */; };
		23DC8F9927B9315C00F79EF4 /* PostVM.swift in Sources */ = {isa = PBXBuildFile; fileRef = 23DC8F9827B9315C00F79EF4 /* PostVM.swift */; };
		23DC8F9E27B9356700F79EF4 /* PostTVC.swift in Sources */ = {isa = PBXBuildFile; fileRef = 23DC8F9D27B9356700F79EF4 /* PostTVC.swift */; };
		23E4E58B283BAD4000864E6D /* NavigationBar.swift in Sources */ = {isa = PBXBuildFile; fileRef = 23E4E58A283BAD4000864E6D /* NavigationBar.swift */; };
		23EA90662844F4EC00D2300E /* LockVC.swift in Sources */ = {isa = PBXBuildFile; fileRef = 23EA90652844F4EC00D2300E /* LockVC.swift */; };
		23EA90682844F8B900D2300E /* KeypadCVC.swift in Sources */ = {isa = PBXBuildFile; fileRef = 23EA90672844F8B900D2300E /* KeypadCVC.swift */; };
		23F0138C27A1488800C87399 /* CoinData.swift in Sources */ = {isa = PBXBuildFile; fileRef = 23F0138B27A1488800C87399 /* CoinData.swift */; };
		23F7540D286F216A002CEF45 /* UIApplication+.swift in Sources */ = {isa = PBXBuildFile; fileRef = 23F7540C286F216A002CEF45 /* UIApplication+.swift */; };
		23F7540F286F2193002CEF45 /* UIWindow+.swift in Sources */ = {isa = PBXBuildFile; fileRef = 23F7540E286F2193002CEF45 /* UIWindow+.swift */; };
		23F75412286F22F0002CEF45 /* UIDevice+.swift in Sources */ = {isa = PBXBuildFile; fileRef = 23F75411286F22F0002CEF45 /* UIDevice+.swift */; };
		23F75414286F233C002CEF45 /* UILabel+.swift in Sources */ = {isa = PBXBuildFile; fileRef = 23F75413286F233C002CEF45 /* UILabel+.swift */; };
		23F75416286F235D002CEF45 /* UITextView+.swift in Sources */ = {isa = PBXBuildFile; fileRef = 23F75415286F235D002CEF45 /* UITextView+.swift */; };
		23F75418286F2377002CEF45 /* UIView+.swift in Sources */ = {isa = PBXBuildFile; fileRef = 23F75417286F2377002CEF45 /* UIView+.swift */; };
		23FF818B283BCF53002FEAA8 /* UIVIewController+.swift in Sources */ = {isa = PBXBuildFile; fileRef = 23FF818A283BCF53002FEAA8 /* UIVIewController+.swift */; };
		23FF818D283BCFFC002FEAA8 /* NaviType.swift in Sources */ = {isa = PBXBuildFile; fileRef = 23FF818C283BCFFC002FEAA8 /* NaviType.swift */; };
		23FF8191283BD1C5002FEAA8 /* MyPage.swift in Sources */ = {isa = PBXBuildFile; fileRef = 23FF8190283BD1C5002FEAA8 /* MyPage.swift */; };
		23FF8193283BD231002FEAA8 /* ToastView.swift in Sources */ = {isa = PBXBuildFile; fileRef = 23FF8192283BD231002FEAA8 /* ToastView.swift */; };
		23FF8195283BD24A002FEAA8 /* ToastType.swift in Sources */ = {isa = PBXBuildFile; fileRef = 23FF8194283BD24A002FEAA8 /* ToastType.swift */; };
		87951F262246689A6C12D43C /* Pods_iOS_ViewStudy.framework in Frameworks */ = {isa = PBXBuildFile; fileRef = 3584C6B1CC9A263E18A4C945 /* Pods_iOS_ViewStudy.framework */; };
/* End PBXBuildFile section */

/* Begin PBXFileReference section */
		0DF7911C188C0895B3A1A444 /* Pods-iOS_ViewStudy.debug.xcconfig */ = {isa = PBXFileReference; includeInIndex = 1; lastKnownFileType = text.xcconfig; name = "Pods-iOS_ViewStudy.debug.xcconfig"; path = "Target Support Files/Pods-iOS_ViewStudy/Pods-iOS_ViewStudy.debug.xcconfig"; sourceTree = "<group>"; };
		23190FBE279C1727000F96DF /* TransformViewToImageVC.swift */ = {isa = PBXFileReference; lastKnownFileType = sourcecode.swift; path = TransformViewToImageVC.swift; sourceTree = "<group>"; };
		23190FC0279C173B000F96DF /* TransformViewToImage.storyboard */ = {isa = PBXFileReference; lastKnownFileType = file.storyboard; path = TransformViewToImage.storyboard; sourceTree = "<group>"; };
		23190FC3279C5512000F96DF /* OnboardingVC.swift */ = {isa = PBXFileReference; lastKnownFileType = sourcecode.swift; path = OnboardingVC.swift; sourceTree = "<group>"; };
		23190FC5279C5522000F96DF /* Onboarding.storyboard */ = {isa = PBXFileReference; lastKnownFileType = file.storyboard; path = Onboarding.storyboard; sourceTree = "<group>"; };
		23190FC7279C623E000F96DF /* OnboardingBaseVC.swift */ = {isa = PBXFileReference; lastKnownFileType = sourcecode.swift; path = OnboardingBaseVC.swift; sourceTree = "<group>"; };
		23190FC9279C624A000F96DF /* OnboardingBase.storyboard */ = {isa = PBXFileReference; lastKnownFileType = file.storyboard; path = OnboardingBase.storyboard; sourceTree = "<group>"; };
		231A97D5279B030A00143845 /* MenuBtnVC.swift */ = {isa = PBXFileReference; lastKnownFileType = sourcecode.swift; path = MenuBtnVC.swift; sourceTree = "<group>"; };
		231A97D7279B032100143845 /* MenuBtn.storyboard */ = {isa = PBXFileReference; lastKnownFileType = file.storyboard; path = MenuBtn.storyboard; sourceTree = "<group>"; };
		23247F9027A8F880005B7578 /* ProfileHeaderView.xib */ = {isa = PBXFileReference; lastKnownFileType = file.xib; path = ProfileHeaderView.xib; sourceTree = "<group>"; };
		23247F9827A8FC32005B7578 /* CellFooterView.xib */ = {isa = PBXFileReference; lastKnownFileType = file.xib; path = CellFooterView.xib; sourceTree = "<group>"; };
		23247F9A27A94B66005B7578 /* CommunityVC.swift */ = {isa = PBXFileReference; lastKnownFileType = sourcecode.swift; path = CommunityVC.swift; sourceTree = "<group>"; };
		23247F9C27A94B72005B7578 /* Community.storyboard */ = {isa = PBXFileReference; lastKnownFileType = file.storyboard; path = Community.storyboard; sourceTree = "<group>"; };
		23247F9E27A94D36005B7578 /* ProfileHeaderView.swift */ = {isa = PBXFileReference; lastKnownFileType = sourcecode.swift; path = ProfileHeaderView.swift; sourceTree = "<group>"; };
		23247FA027A94FE9005B7578 /* CommunityTVC.swift */ = {isa = PBXFileReference; lastKnownFileType = sourcecode.swift; path = CommunityTVC.swift; sourceTree = "<group>"; };
		23247FA227A95AAE005B7578 /* CellFooterView.swift */ = {isa = PBXFileReference; lastKnownFileType = sourcecode.swift; path = CellFooterView.swift; sourceTree = "<group>"; };
		23295D15279B08540097AEC8 /* MenuBtnTVC.swift */ = {isa = PBXFileReference; lastKnownFileType = sourcecode.swift; path = MenuBtnTVC.swift; sourceTree = "<group>"; };
		2330A7C7277E284200097A6A /* NavigationBarFadeAnimation.swift */ = {isa = PBXFileReference; lastKnownFileType = sourcecode.swift; path = NavigationBarFadeAnimation.swift; sourceTree = "<group>"; };
		2330A7C9277E285000097A6A /* NavigationBarFadeAnimation.storyboard */ = {isa = PBXFileReference; lastKnownFileType = file.storyboard; path = NavigationBarFadeAnimation.storyboard; sourceTree = "<group>"; };
		234D0CF027CE9A7C00E48FC5 /* YPImagePickerTest.swift */ = {isa = PBXFileReference; lastKnownFileType = sourcecode.swift; path = YPImagePickerTest.swift; sourceTree = "<group>"; };
		23552CB627B6528800550748 /* PostModel.swift */ = {isa = PBXFileReference; lastKnownFileType = sourcecode.swift; path = PostModel.swift; sourceTree = "<group>"; };
		23552CB827B6529200550748 /* PostManager.swift */ = {isa = PBXFileReference; lastKnownFileType = sourcecode.swift; path = PostManager.swift; sourceTree = "<group>"; };
		23552CBA27B6579D00550748 /* ITZZAAPITestVC.swift */ = {isa = PBXFileReference; lastKnownFileType = sourcecode.swift; path = ITZZAAPITestVC.swift; sourceTree = "<group>"; };
		23552CBC27B657A700550748 /* ITZZAAPITest.storyboard */ = {isa = PBXFileReference; lastKnownFileType = file.storyboard; path = ITZZAAPITest.storyboard; sourceTree = "<group>"; };
		2355FAE327B1751500818E37 /* StackViewWithScrollView.swift */ = {isa = PBXFileReference; lastKnownFileType = sourcecode.swift; path = StackViewWithScrollView.swift; sourceTree = "<group>"; };
		2355FAE527B1751E00818E37 /* StackViewWithScrollView.storyboard */ = {isa = PBXFileReference; lastKnownFileType = file.storyboard; path = StackViewWithScrollView.storyboard; sourceTree = "<group>"; };
		2369505227D71EE000A0B01A /* CustomCameraVC.swift */ = {isa = PBXFileReference; lastKnownFileType = sourcecode.swift; path = CustomCameraVC.swift; sourceTree = "<group>"; };
		2369505427D71EFF00A0B01A /* CustomCamera.storyboard */ = {isa = PBXFileReference; lastKnownFileType = file.storyboard; path = CustomCamera.storyboard; sourceTree = "<group>"; };
		23750004278C398A0005C558 /* DragCollectionView.swift */ = {isa = PBXFileReference; lastKnownFileType = sourcecode.swift; path = DragCollectionView.swift; sourceTree = "<group>"; };
		23750006278C39940005C558 /* DragCollectionView.storyboard */ = {isa = PBXFileReference; lastKnownFileType = file.storyboard; path = DragCollectionView.storyboard; sourceTree = "<group>"; };
		23750008278C459A0005C558 /* DragCollectionViewCell.swift */ = {isa = PBXFileReference; lastKnownFileType = sourcecode.swift; path = DragCollectionViewCell.swift; sourceTree = "<group>"; };
		2375000B278C62C80005C558 /* DevicePhotoCV.swift */ = {isa = PBXFileReference; lastKnownFileType = sourcecode.swift; path = DevicePhotoCV.swift; sourceTree = "<group>"; };
		2375000D278C62E00005C558 /* DevicePhotoCV.storyboard */ = {isa = PBXFileReference; lastKnownFileType = file.storyboard; path = DevicePhotoCV.storyboard; sourceTree = "<group>"; };
		2375000F278C6D0E0005C558 /* DevicePhotoCVC.swift */ = {isa = PBXFileReference; lastKnownFileType = sourcecode.swift; path = DevicePhotoCVC.swift; sourceTree = "<group>"; };
		2376C23A2786D3C700EBE329 /* ProfileImageWithGallery.swift */ = {isa = PBXFileReference; lastKnownFileType = sourcecode.swift; path = ProfileImageWithGallery.swift; sourceTree = "<group>"; };
		2376C23C2786D42D00EBE329 /* ProfileImageWithGallery.storyboard */ = {isa = PBXFileReference; lastKnownFileType = file.storyboard; path = ProfileImageWithGallery.storyboard; sourceTree = "<group>"; };
		238A3C99277E14530009A5C9 /* iOS_ViewStudy.app */ = {isa = PBXFileReference; explicitFileType = wrapper.application; includeInIndex = 0; path = iOS_ViewStudy.app; sourceTree = BUILT_PRODUCTS_DIR; };
		238A3C9C277E14530009A5C9 /* AppDelegate.swift */ = {isa = PBXFileReference; lastKnownFileType = sourcecode.swift; path = AppDelegate.swift; sourceTree = "<group>"; };
		238A3CA0277E14530009A5C9 /* UpsideViewScroll.swift */ = {isa = PBXFileReference; lastKnownFileType = sourcecode.swift; path = UpsideViewScroll.swift; sourceTree = "<group>"; };
		238A3CA3277E14530009A5C9 /* Base */ = {isa = PBXFileReference; lastKnownFileType = file.storyboard; name = Base; path = Base.lproj/UpsideViewScroll.storyboard; sourceTree = "<group>"; };
		238A3CA5277E14530009A5C9 /* Assets.xcassets */ = {isa = PBXFileReference; lastKnownFileType = folder.assetcatalog; path = Assets.xcassets; sourceTree = "<group>"; };
		238A3CA8277E14530009A5C9 /* Base */ = {isa = PBXFileReference; lastKnownFileType = file.storyboard; name = Base; path = Base.lproj/LaunchScreen.storyboard; sourceTree = "<group>"; };
		238A3CAA277E14530009A5C9 /* Info.plist */ = {isa = PBXFileReference; lastKnownFileType = text.plist.xml; path = Info.plist; sourceTree = "<group>"; };
		23934D3C2790632F007857D3 /* SideMenu.swift */ = {isa = PBXFileReference; lastKnownFileType = sourcecode.swift; path = SideMenu.swift; sourceTree = "<group>"; };
		23934D3E27906339007857D3 /* SideMenu.storyboard */ = {isa = PBXFileReference; lastKnownFileType = file.storyboard; path = SideMenu.storyboard; sourceTree = "<group>"; };
		23934D4027906653007857D3 /* BaseView.swift */ = {isa = PBXFileReference; lastKnownFileType = sourcecode.swift; path = BaseView.swift; sourceTree = "<group>"; };
		23934D422790665A007857D3 /* BaseView.storyboard */ = {isa = PBXFileReference; lastKnownFileType = file.storyboard; path = BaseView.storyboard; sourceTree = "<group>"; };
		23934D442790683D007857D3 /* CustomSideMenuNC.swift */ = {isa = PBXFileReference; lastKnownFileType = sourcecode.swift; path = CustomSideMenuNC.swift; sourceTree = "<group>"; };
		239734FA282907F7003D233C /* Dailyst.swift */ = {isa = PBXFileReference; lastKnownFileType = sourcecode.swift; path = Dailyst.swift; sourceTree = "<group>"; };
		239734FC28292800003D233C /* EmotionType.swift */ = {isa = PBXFileReference; lastKnownFileType = sourcecode.swift; path = EmotionType.swift; sourceTree = "<group>"; };
		239734FE28295023003D233C /* DailystBase.storyboard */ = {isa = PBXFileReference; lastKnownFileType = file.storyboard; path = DailystBase.storyboard; sourceTree = "<group>"; };
		2397350028295032003D233C /* DailystBase.swift */ = {isa = PBXFileReference; lastKnownFileType = sourcecode.swift; path = DailystBase.swift; sourceTree = "<group>"; };
		239A0B4E279DA436000A2567 /* CollectionViewBasicVC.swift */ = {isa = PBXFileReference; lastKnownFileType = sourcecode.swift; path = CollectionViewBasicVC.swift; sourceTree = "<group>"; };
		239A0B50279DA44A000A2567 /* CollectionViewBasic.storyboard */ = {isa = PBXFileReference; lastKnownFileType = file.storyboard; path = CollectionViewBasic.storyboard; sourceTree = "<group>"; };
		239A0B52279DA829000A2567 /* BasicCVC.swift */ = {isa = PBXFileReference; lastKnownFileType = sourcecode.swift; path = BasicCVC.swift; sourceTree = "<group>"; };
		239A445127B37DB900D99521 /* TableViewReusableHeader.swift */ = {isa = PBXFileReference; lastKnownFileType = sourcecode.swift; path = TableViewReusableHeader.swift; sourceTree = "<group>"; };
		239A445327B37DED00D99521 /* TableViewReusableHeader.xib */ = {isa = PBXFileReference; lastKnownFileType = file.xib; path = TableViewReusableHeader.xib; sourceTree = "<group>"; };
		239A445527B37F1800D99521 /* TableViewWithHeaderView.swift */ = {isa = PBXFileReference; lastKnownFileType = sourcecode.swift; path = TableViewWithHeaderView.swift; sourceTree = "<group>"; };
		239A445727B37F2300D99521 /* TableViewWithHeaderView.storyboard */ = {isa = PBXFileReference; lastKnownFileType = file.storyboard; path = TableViewWithHeaderView.storyboard; sourceTree = "<group>"; };
		23A261A927A106880052D244 /* ByteCoin.storyboard */ = {isa = PBXFileReference; lastKnownFileType = file.storyboard; path = ByteCoin.storyboard; sourceTree = "<group>"; };
		23A261AB27A106A00052D244 /* ByteCoinVC.swift */ = {isa = PBXFileReference; lastKnownFileType = sourcecode.swift; path = ByteCoinVC.swift; sourceTree = "<group>"; };
		23A261B127A112EF0052D244 /* CoinManager.swift */ = {isa = PBXFileReference; lastKnownFileType = sourcecode.swift; path = CoinManager.swift; sourceTree = "<group>"; };
		23ADD5842850AC4A003AAF4C /* LockSettingVC.swift */ = {isa = PBXFileReference; lastKnownFileType = sourcecode.swift; path = LockSettingVC.swift; sourceTree = "<group>"; };
		23CB9EB927ACEC1B00BC0F97 /* ButtonCustom.storyboard */ = {isa = PBXFileReference; lastKnownFileType = file.storyboard; path = ButtonCustom.storyboard; sourceTree = "<group>"; };
		23CB9EBB27ACEC3100BC0F97 /* ButtonCustomVC.swift */ = {isa = PBXFileReference; lastKnownFileType = sourcecode.swift; path = ButtonCustomVC.swift; sourceTree = "<group>"; };
		23CF06AD27AEC16200E81F4C /* CategoryVC.swift */ = {isa = PBXFileReference; lastKnownFileType = sourcecode.swift; path = CategoryVC.swift; sourceTree = "<group>"; };
		23CF06AF27AEC16900E81F4C /* Category.storyboard */ = {isa = PBXFileReference; lastKnownFileType = file.storyboard; path = Category.storyboard; sourceTree = "<group>"; };
		23CF06B127AEC2C200E81F4C /* PostFeedVC.swift */ = {isa = PBXFileReference; lastKnownFileType = sourcecode.swift; path = PostFeedVC.swift; sourceTree = "<group>"; };
		23CF06B327AEC2C900E81F4C /* PostFeed.storyboard */ = {isa = PBXFileReference; lastKnownFileType = file.storyboard; path = PostFeed.storyboard; sourceTree = "<group>"; };
		23CF06B527AEC32300E81F4C /* ViewControllerFactory.swift */ = {isa = PBXFileReference; lastKnownFileType = sourcecode.swift; path = ViewControllerFactory.swift; sourceTree = "<group>"; };
		23DC8F9827B9315C00F79EF4 /* PostVM.swift */ = {isa = PBXFileReference; lastKnownFileType = sourcecode.swift; path = PostVM.swift; sourceTree = "<group>"; };
		23DC8F9D27B9356700F79EF4 /* PostTVC.swift */ = {isa = PBXFileReference; lastKnownFileType = sourcecode.swift; path = PostTVC.swift; sourceTree = "<group>"; };
		23E4E58A283BAD4000864E6D /* NavigationBar.swift */ = {isa = PBXFileReference; lastKnownFileType = sourcecode.swift; path = NavigationBar.swift; sourceTree = "<group>"; };
		23EA90652844F4EC00D2300E /* LockVC.swift */ = {isa = PBXFileReference; lastKnownFileType = sourcecode.swift; path = LockVC.swift; sourceTree = "<group>"; };
		23EA90672844F8B900D2300E /* KeypadCVC.swift */ = {isa = PBXFileReference; lastKnownFileType = sourcecode.swift; path = KeypadCVC.swift; sourceTree = "<group>"; };
		23F0138B27A1488800C87399 /* CoinData.swift */ = {isa = PBXFileReference; lastKnownFileType = sourcecode.swift; path = CoinData.swift; sourceTree = "<group>"; };
		23F7540C286F216A002CEF45 /* UIApplication+.swift */ = {isa = PBXFileReference; lastKnownFileType = sourcecode.swift; path = "UIApplication+.swift"; sourceTree = "<group>"; };
		23F7540E286F2193002CEF45 /* UIWindow+.swift */ = {isa = PBXFileReference; lastKnownFileType = sourcecode.swift; path = "UIWindow+.swift"; sourceTree = "<group>"; };
		23F75411286F22F0002CEF45 /* UIDevice+.swift */ = {isa = PBXFileReference; lastKnownFileType = sourcecode.swift; path = "UIDevice+.swift"; sourceTree = "<group>"; };
		23F75413286F233C002CEF45 /* UILabel+.swift */ = {isa = PBXFileReference; lastKnownFileType = sourcecode.swift; path = "UILabel+.swift"; sourceTree = "<group>"; };
		23F75415286F235D002CEF45 /* UITextView+.swift */ = {isa = PBXFileReference; lastKnownFileType = sourcecode.swift; path = "UITextView+.swift"; sourceTree = "<group>"; };
		23F75417286F2377002CEF45 /* UIView+.swift */ = {isa = PBXFileReference; lastKnownFileType = sourcecode.swift; path = "UIView+.swift"; sourceTree = "<group>"; };
		23FF818A283BCF53002FEAA8 /* UIVIewController+.swift */ = {isa = PBXFileReference; lastKnownFileType = sourcecode.swift; path = "UIVIewController+.swift"; sourceTree = "<group>"; };
		23FF818C283BCFFC002FEAA8 /* NaviType.swift */ = {isa = PBXFileReference; lastKnownFileType = sourcecode.swift; path = NaviType.swift; sourceTree = "<group>"; };
		23FF8190283BD1C5002FEAA8 /* MyPage.swift */ = {isa = PBXFileReference; lastKnownFileType = sourcecode.swift; path = MyPage.swift; sourceTree = "<group>"; };
		23FF8192283BD231002FEAA8 /* ToastView.swift */ = {isa = PBXFileReference; lastKnownFileType = sourcecode.swift; path = ToastView.swift; sourceTree = "<group>"; };
		23FF8194283BD24A002FEAA8 /* ToastType.swift */ = {isa = PBXFileReference; lastKnownFileType = sourcecode.swift; path = ToastType.swift; sourceTree = "<group>"; };
		3584C6B1CC9A263E18A4C945 /* Pods_iOS_ViewStudy.framework */ = {isa = PBXFileReference; explicitFileType = wrapper.framework; includeInIndex = 0; path = Pods_iOS_ViewStudy.framework; sourceTree = BUILT_PRODUCTS_DIR; };
		F0987B3D62142B084E58037B /* Pods-iOS_ViewStudy.release.xcconfig */ = {isa = PBXFileReference; includeInIndex = 1; lastKnownFileType = text.xcconfig; name = "Pods-iOS_ViewStudy.release.xcconfig"; path = "Target Support Files/Pods-iOS_ViewStudy/Pods-iOS_ViewStudy.release.xcconfig"; sourceTree = "<group>"; };
/* End PBXFileReference section */

/* Begin PBXFrameworksBuildPhase section */
		238A3C96277E14530009A5C9 /* Frameworks */ = {
			isa = PBXFrameworksBuildPhase;
			buildActionMask = 2147483647;
			files = (
				87951F262246689A6C12D43C /* Pods_iOS_ViewStudy.framework in Frameworks */,
			);
			runOnlyForDeploymentPostprocessing = 0;
		};
/* End PBXFrameworksBuildPhase section */

/* Begin PBXGroup section */
		23190FBD279C16EF000F96DF /* TransformViewToImage */ = {
			isa = PBXGroup;
			children = (
				23190FBE279C1727000F96DF /* TransformViewToImageVC.swift */,
				23190FC0279C173B000F96DF /* TransformViewToImage.storyboard */,
			);
			path = TransformViewToImage;
			sourceTree = "<group>";
		};
		23190FC2279C54E3000F96DF /* Onboarding */ = {
			isa = PBXGroup;
			children = (
				23190FC3279C5512000F96DF /* OnboardingVC.swift */,
				23190FC5279C5522000F96DF /* Onboarding.storyboard */,
				23190FC7279C623E000F96DF /* OnboardingBaseVC.swift */,
				23190FC9279C624A000F96DF /* OnboardingBase.storyboard */,
			);
			path = Onboarding;
			sourceTree = "<group>";
		};
		231A97D4279B02AC00143845 /* MenuBtn */ = {
			isa = PBXGroup;
			children = (
				231A97D5279B030A00143845 /* MenuBtnVC.swift */,
				231A97D7279B032100143845 /* MenuBtn.storyboard */,
				23295D15279B08540097AEC8 /* MenuBtnTVC.swift */,
			);
			path = MenuBtn;
			sourceTree = "<group>";
		};
		23247F8227A8F4C8005B7578 /* ReusableViewWithStackView */ = {
			isa = PBXGroup;
			children = (
				23247F9C27A94B72005B7578 /* Community.storyboard */,
				23247F9A27A94B66005B7578 /* CommunityVC.swift */,
				23247F8727A8F559005B7578 /* ReuseableView */,
				23247FA027A94FE9005B7578 /* CommunityTVC.swift */,
			);
			path = ReusableViewWithStackView;
			sourceTree = "<group>";
		};
		23247F8727A8F559005B7578 /* ReuseableView */ = {
			isa = PBXGroup;
			children = (
				23247F9027A8F880005B7578 /* ProfileHeaderView.xib */,
				23247F9E27A94D36005B7578 /* ProfileHeaderView.swift */,
				23247F9827A8FC32005B7578 /* CellFooterView.xib */,
				23247FA227A95AAE005B7578 /* CellFooterView.swift */,
			);
			path = ReuseableView;
			sourceTree = "<group>";
		};
		2330A7C6277E280200097A6A /* NavigationBarFadeAnimation */ = {
			isa = PBXGroup;
			children = (
				2330A7C7277E284200097A6A /* NavigationBarFadeAnimation.swift */,
				2330A7C9277E285000097A6A /* NavigationBarFadeAnimation.storyboard */,
			);
			path = NavigationBarFadeAnimation;
			sourceTree = "<group>";
		};
		234D0CEF27CE9A6700E48FC5 /* YPImagePicker */ = {
			isa = PBXGroup;
			children = (
				234D0CF027CE9A7C00E48FC5 /* YPImagePickerTest.swift */,
			);
			path = YPImagePicker;
			sourceTree = "<group>";
		};
		23552CB227B6486400550748 /* ITZZAAPITest */ = {
			isa = PBXGroup;
			children = (
				23DC8F9A27B934FD00F79EF4 /* Cell */,
				23DC8F9727B9314400F79EF4 /* ViewModels */,
				23552CB327B6493300550748 /* Model */,
				23552CB427B6494300550748 /* Controller */,
				23552CB527B6494B00550748 /* View */,
			);
			path = ITZZAAPITest;
			sourceTree = "<group>";
		};
		23552CB327B6493300550748 /* Model */ = {
			isa = PBXGroup;
			children = (
				23552CB627B6528800550748 /* PostModel.swift */,
				23552CB827B6529200550748 /* PostManager.swift */,
			);
			path = Model;
			sourceTree = "<group>";
		};
		23552CB427B6494300550748 /* Controller */ = {
			isa = PBXGroup;
			children = (
				23552CBA27B6579D00550748 /* ITZZAAPITestVC.swift */,
			);
			path = Controller;
			sourceTree = "<group>";
		};
		23552CB527B6494B00550748 /* View */ = {
			isa = PBXGroup;
			children = (
				23552CBC27B657A700550748 /* ITZZAAPITest.storyboard */,
			);
			path = View;
			sourceTree = "<group>";
		};
		2355FAE227B174ED00818E37 /* StackViewInsideScrollView */ = {
			isa = PBXGroup;
			children = (
				2355FAE327B1751500818E37 /* StackViewWithScrollView.swift */,
				2355FAE527B1751E00818E37 /* StackViewWithScrollView.storyboard */,
			);
			path = StackViewInsideScrollView;
			sourceTree = "<group>";
		};
		2364F10B27AEC11100EA9FFD /* TabmanCustom */ = {
			isa = PBXGroup;
			children = (
				23CF06AD27AEC16200E81F4C /* CategoryVC.swift */,
				23CF06AF27AEC16900E81F4C /* Category.storyboard */,
				23CF06B127AEC2C200E81F4C /* PostFeedVC.swift */,
				23CF06B327AEC2C900E81F4C /* PostFeed.storyboard */,
				23CF06B527AEC32300E81F4C /* ViewControllerFactory.swift */,
			);
			path = TabmanCustom;
			sourceTree = "<group>";
		};
		2369505127D71EA100A0B01A /* CustomCamera */ = {
			isa = PBXGroup;
			children = (
				2369505227D71EE000A0B01A /* CustomCameraVC.swift */,
				2369505427D71EFF00A0B01A /* CustomCamera.storyboard */,
			);
			path = CustomCamera;
			sourceTree = "<group>";
		};
		23750003278C39780005C558 /* DragCollectionView */ = {
			isa = PBXGroup;
			children = (
				23750004278C398A0005C558 /* DragCollectionView.swift */,
				23750006278C39940005C558 /* DragCollectionView.storyboard */,
				23750008278C459A0005C558 /* DragCollectionViewCell.swift */,
			);
			path = DragCollectionView;
			sourceTree = "<group>";
		};
		2375000A278C62460005C558 /* DevicePhotoCV */ = {
			isa = PBXGroup;
			children = (
				2375000B278C62C80005C558 /* DevicePhotoCV.swift */,
				2375000D278C62E00005C558 /* DevicePhotoCV.storyboard */,
				2375000F278C6D0E0005C558 /* DevicePhotoCVC.swift */,
			);
			path = DevicePhotoCV;
			sourceTree = "<group>";
		};
		2376C2392786D35300EBE329 /* ProfileImageWithGallery */ = {
			isa = PBXGroup;
			children = (
				2376C23A2786D3C700EBE329 /* ProfileImageWithGallery.swift */,
				2376C23C2786D42D00EBE329 /* ProfileImageWithGallery.storyboard */,
			);
			path = ProfileImageWithGallery;
			sourceTree = "<group>";
		};
		238A3C90277E14530009A5C9 = {
			isa = PBXGroup;
			children = (
				238A3C9B277E14530009A5C9 /* iOS_ViewStudy */,
				238A3C9A277E14530009A5C9 /* Products */,
				DDDD8B3D424E7B907188B80B /* Pods */,
				29D227604240368883188329 /* Frameworks */,
			);
			sourceTree = "<group>";
		};
		238A3C9A277E14530009A5C9 /* Products */ = {
			isa = PBXGroup;
			children = (
				238A3C99277E14530009A5C9 /* iOS_ViewStudy.app */,
			);
			name = Products;
			sourceTree = "<group>";
		};
		238A3C9B277E14530009A5C9 /* iOS_ViewStudy */ = {
			isa = PBXGroup;
			children = (
				23F75410286F226D002CEF45 /* Extension */,
				239734F9282907C4003D233C /* Dailyst */,
				2369505127D71EA100A0B01A /* CustomCamera */,
				234D0CEF27CE9A6700E48FC5 /* YPImagePicker */,
				23552CB227B6486400550748 /* ITZZAAPITest */,
				239A445027B37D6000D99521 /* TableViewHeaderView */,
				2355FAE227B174ED00818E37 /* StackViewInsideScrollView */,
				2364F10B27AEC11100EA9FFD /* TabmanCustom */,
				23CB9EB827ACEC0C00BC0F97 /* ButtonCustom */,
				23247F8227A8F4C8005B7578 /* ReusableViewWithStackView */,
				23A261A527A106570052D244 /* ByteCoin */,
				239A0B4D279DA417000A2567 /* CollectionViewBasic */,
				23190FC2279C54E3000F96DF /* Onboarding */,
				23190FBD279C16EF000F96DF /* TransformViewToImage */,
				231A97D4279B02AC00143845 /* MenuBtn */,
				23934D3B27906320007857D3 /* SideMenu */,
				2375000A278C62460005C558 /* DevicePhotoCV */,
				23750003278C39780005C558 /* DragCollectionView */,
				2376C2392786D35300EBE329 /* ProfileImageWithGallery */,
				2330A7C6277E280200097A6A /* NavigationBarFadeAnimation */,
				238A3CB1277E147D0009A5C9 /* UpsideViewScroll */,
				238A3CB0277E146A0009A5C9 /* Supports */,
			);
			path = iOS_ViewStudy;
			sourceTree = "<group>";
		};
		238A3CB0277E146A0009A5C9 /* Supports */ = {
			isa = PBXGroup;
			children = (
				238A3CA5277E14530009A5C9 /* Assets.xcassets */,
				238A3CA7277E14530009A5C9 /* LaunchScreen.storyboard */,
				238A3CAA277E14530009A5C9 /* Info.plist */,
				238A3C9C277E14530009A5C9 /* AppDelegate.swift */,
			);
			path = Supports;
			sourceTree = "<group>";
		};
		238A3CB1277E147D0009A5C9 /* UpsideViewScroll */ = {
			isa = PBXGroup;
			children = (
				238A3CA0277E14530009A5C9 /* UpsideViewScroll.swift */,
				238A3CA2277E14530009A5C9 /* UpsideViewScroll.storyboard */,
			);
			path = UpsideViewScroll;
			sourceTree = "<group>";
		};
		23934D3B27906320007857D3 /* SideMenu */ = {
			isa = PBXGroup;
			children = (
				23934D3C2790632F007857D3 /* SideMenu.swift */,
				23934D3E27906339007857D3 /* SideMenu.storyboard */,
				23934D4027906653007857D3 /* BaseView.swift */,
				23934D422790665A007857D3 /* BaseView.storyboard */,
				23934D442790683D007857D3 /* CustomSideMenuNC.swift */,
			);
			path = SideMenu;
			sourceTree = "<group>";
		};
		239734F9282907C4003D233C /* Dailyst */ = {
			isa = PBXGroup;
			children = (
				239734FA282907F7003D233C /* Dailyst.swift */,
				239734FC28292800003D233C /* EmotionType.swift */,
				239734FE28295023003D233C /* DailystBase.storyboard */,
				2397350028295032003D233C /* DailystBase.swift */,
				23E4E58A283BAD4000864E6D /* NavigationBar.swift */,
				23FF818C283BCFFC002FEAA8 /* NaviType.swift */,
				23FF8190283BD1C5002FEAA8 /* MyPage.swift */,
				23FF8192283BD231002FEAA8 /* ToastView.swift */,
				23FF8194283BD24A002FEAA8 /* ToastType.swift */,
				23EA90652844F4EC00D2300E /* LockVC.swift */,
				23EA90672844F8B900D2300E /* KeypadCVC.swift */,
				23ADD5842850AC4A003AAF4C /* LockSettingVC.swift */,
			);
			path = Dailyst;
			sourceTree = "<group>";
		};
		239A0B4D279DA417000A2567 /* CollectionViewBasic */ = {
			isa = PBXGroup;
			children = (
				239A0B4E279DA436000A2567 /* CollectionViewBasicVC.swift */,
				239A0B50279DA44A000A2567 /* CollectionViewBasic.storyboard */,
				239A0B52279DA829000A2567 /* BasicCVC.swift */,
			);
			path = CollectionViewBasic;
			sourceTree = "<group>";
		};
		239A445027B37D6000D99521 /* TableViewHeaderView */ = {
			isa = PBXGroup;
			children = (
				239A445127B37DB900D99521 /* TableViewReusableHeader.swift */,
				239A445327B37DED00D99521 /* TableViewReusableHeader.xib */,
				239A445527B37F1800D99521 /* TableViewWithHeaderView.swift */,
				239A445727B37F2300D99521 /* TableViewWithHeaderView.storyboard */,
			);
			path = TableViewHeaderView;
			sourceTree = "<group>";
		};
		23A261A527A106570052D244 /* ByteCoin */ = {
			isa = PBXGroup;
			children = (
				23A261A727A106720052D244 /* Model */,
				23A261A827A106790052D244 /* Controller */,
				23A261A627A106690052D244 /* View */,
			);
			path = ByteCoin;
			sourceTree = "<group>";
		};
		23A261A627A106690052D244 /* View */ = {
			isa = PBXGroup;
			children = (
				23A261A927A106880052D244 /* ByteCoin.storyboard */,
			);
			path = View;
			sourceTree = "<group>";
		};
		23A261A727A106720052D244 /* Model */ = {
			isa = PBXGroup;
			children = (
				23A261B127A112EF0052D244 /* CoinManager.swift */,
				23F0138B27A1488800C87399 /* CoinData.swift */,
			);
			path = Model;
			sourceTree = "<group>";
		};
		23A261A827A106790052D244 /* Controller */ = {
			isa = PBXGroup;
			children = (
				23A261AB27A106A00052D244 /* ByteCoinVC.swift */,
			);
			path = Controller;
			sourceTree = "<group>";
		};
		23CB9EB827ACEC0C00BC0F97 /* ButtonCustom */ = {
			isa = PBXGroup;
			children = (
				23CB9EB927ACEC1B00BC0F97 /* ButtonCustom.storyboard */,
				23CB9EBB27ACEC3100BC0F97 /* ButtonCustomVC.swift */,
			);
			path = ButtonCustom;
			sourceTree = "<group>";
		};
		23DC8F9727B9314400F79EF4 /* ViewModels */ = {
			isa = PBXGroup;
			children = (
				23DC8F9827B9315C00F79EF4 /* PostVM.swift */,
			);
			path = ViewModels;
			sourceTree = "<group>";
		};
		23DC8F9A27B934FD00F79EF4 /* Cell */ = {
			isa = PBXGroup;
			children = (
				23DC8F9D27B9356700F79EF4 /* PostTVC.swift */,
			);
			path = Cell;
			sourceTree = "<group>";
		};
		23F75410286F226D002CEF45 /* Extension */ = {
			isa = PBXGroup;
			children = (
				23FF818A283BCF53002FEAA8 /* UIVIewController+.swift */,
				23F7540C286F216A002CEF45 /* UIApplication+.swift */,
				23F7540E286F2193002CEF45 /* UIWindow+.swift */,
				23F75411286F22F0002CEF45 /* UIDevice+.swift */,
				23F75413286F233C002CEF45 /* UILabel+.swift */,
				23F75415286F235D002CEF45 /* UITextView+.swift */,
				23F75417286F2377002CEF45 /* UIView+.swift */,
			);
			path = Extension;
			sourceTree = "<group>";
		};
		29D227604240368883188329 /* Frameworks */ = {
			isa = PBXGroup;
			children = (
				3584C6B1CC9A263E18A4C945 /* Pods_iOS_ViewStudy.framework */,
			);
			name = Frameworks;
			sourceTree = "<group>";
		};
		DDDD8B3D424E7B907188B80B /* Pods */ = {
			isa = PBXGroup;
			children = (
				0DF7911C188C0895B3A1A444 /* Pods-iOS_ViewStudy.debug.xcconfig */,
				F0987B3D62142B084E58037B /* Pods-iOS_ViewStudy.release.xcconfig */,
			);
			path = Pods;
			sourceTree = "<group>";
		};
/* End PBXGroup section */

/* Begin PBXNativeTarget section */
		238A3C98277E14530009A5C9 /* iOS_ViewStudy */ = {
			isa = PBXNativeTarget;
			buildConfigurationList = 238A3CAD277E14530009A5C9 /* Build configuration list for PBXNativeTarget "iOS_ViewStudy" */;
			buildPhases = (
				B961722262F63DDD61EB1FDE /* [CP] Check Pods Manifest.lock */,
				238A3C95277E14530009A5C9 /* Sources */,
				238A3C96277E14530009A5C9 /* Frameworks */,
				238A3C97277E14530009A5C9 /* Resources */,
				37A8429814646D89128D338F /* [CP] Embed Pods Frameworks */,
			);
			buildRules = (
			);
			dependencies = (
			);
			name = iOS_ViewStudy;
			productName = iOS_ViewStudy;
			productReference = 238A3C99277E14530009A5C9 /* iOS_ViewStudy.app */;
			productType = "com.apple.product-type.application";
		};
/* End PBXNativeTarget section */

/* Begin PBXProject section */
		238A3C91277E14530009A5C9 /* Project object */ = {
			isa = PBXProject;
			attributes = {
				BuildIndependentTargetsInParallel = 1;
				LastSwiftUpdateCheck = 1310;
				LastUpgradeCheck = 1310;
				TargetAttributes = {
					238A3C98277E14530009A5C9 = {
						CreatedOnToolsVersion = 13.1;
					};
				};
			};
			buildConfigurationList = 238A3C94277E14530009A5C9 /* Build configuration list for PBXProject "iOS_ViewStudy" */;
			compatibilityVersion = "Xcode 13.0";
			developmentRegion = en;
			hasScannedForEncodings = 0;
			knownRegions = (
				en,
				Base,
			);
			mainGroup = 238A3C90277E14530009A5C9;
			productRefGroup = 238A3C9A277E14530009A5C9 /* Products */;
			projectDirPath = "";
			projectRoot = "";
			targets = (
				238A3C98277E14530009A5C9 /* iOS_ViewStudy */,
			);
		};
/* End PBXProject section */

/* Begin PBXResourcesBuildPhase section */
		238A3C97277E14530009A5C9 /* Resources */ = {
			isa = PBXResourcesBuildPhase;
			buildActionMask = 2147483647;
			files = (
				23CF06B027AEC16900E81F4C /* Category.storyboard in Resources */,
				23247F9D27A94B72005B7578 /* Community.storyboard in Resources */,
				239A445427B37DED00D99521 /* TableViewReusableHeader.xib in Resources */,
				2375000E278C62E00005C558 /* DevicePhotoCV.storyboard in Resources */,
				231A97D8279B032100143845 /* MenuBtn.storyboard in Resources */,
				238A3CA9277E14530009A5C9 /* LaunchScreen.storyboard in Resources */,
				23190FC6279C5522000F96DF /* Onboarding.storyboard in Resources */,
				23190FCA279C624A000F96DF /* OnboardingBase.storyboard in Resources */,
				2330A7CA277E285000097A6A /* NavigationBarFadeAnimation.storyboard in Resources */,
				239734FF28295023003D233C /* DailystBase.storyboard in Resources */,
				239A0B51279DA44A000A2567 /* CollectionViewBasic.storyboard in Resources */,
				238A3CA6277E14530009A5C9 /* Assets.xcassets in Resources */,
				2355FAE627B1751E00818E37 /* StackViewWithScrollView.storyboard in Resources */,
				23934D432790665A007857D3 /* BaseView.storyboard in Resources */,
				23934D3F27906339007857D3 /* SideMenu.storyboard in Resources */,
				23750007278C39940005C558 /* DragCollectionView.storyboard in Resources */,
				23CF06B427AEC2C900E81F4C /* PostFeed.storyboard in Resources */,
				23247F9127A8F880005B7578 /* ProfileHeaderView.xib in Resources */,
				23CB9EBA27ACEC1B00BC0F97 /* ButtonCustom.storyboard in Resources */,
				23552CBD27B657A700550748 /* ITZZAAPITest.storyboard in Resources */,
				238A3CA4277E14530009A5C9 /* UpsideViewScroll.storyboard in Resources */,
				2369505527D71EFF00A0B01A /* CustomCamera.storyboard in Resources */,
				2376C23D2786D42D00EBE329 /* ProfileImageWithGallery.storyboard in Resources */,
				239A445827B37F2300D99521 /* TableViewWithHeaderView.storyboard in Resources */,
				23247F9927A8FC32005B7578 /* CellFooterView.xib in Resources */,
				23190FC1279C173B000F96DF /* TransformViewToImage.storyboard in Resources */,
				23A261AA27A106880052D244 /* ByteCoin.storyboard in Resources */,
			);
			runOnlyForDeploymentPostprocessing = 0;
		};
/* End PBXResourcesBuildPhase section */

/* Begin PBXShellScriptBuildPhase section */
		37A8429814646D89128D338F /* [CP] Embed Pods Frameworks */ = {
			isa = PBXShellScriptBuildPhase;
			buildActionMask = 2147483647;
			files = (
			);
			inputFileListPaths = (
				"${PODS_ROOT}/Target Support Files/Pods-iOS_ViewStudy/Pods-iOS_ViewStudy-frameworks-${CONFIGURATION}-input-files.xcfilelist",
			);
			name = "[CP] Embed Pods Frameworks";
			outputFileListPaths = (
				"${PODS_ROOT}/Target Support Files/Pods-iOS_ViewStudy/Pods-iOS_ViewStudy-frameworks-${CONFIGURATION}-output-files.xcfilelist",
			);
			runOnlyForDeploymentPostprocessing = 0;
			shellPath = /bin/sh;
			shellScript = "\"${PODS_ROOT}/Target Support Files/Pods-iOS_ViewStudy/Pods-iOS_ViewStudy-frameworks.sh\"\n";
			showEnvVarsInLog = 0;
		};
		B961722262F63DDD61EB1FDE /* [CP] Check Pods Manifest.lock */ = {
			isa = PBXShellScriptBuildPhase;
			buildActionMask = 2147483647;
			files = (
			);
			inputFileListPaths = (
			);
			inputPaths = (
				"${PODS_PODFILE_DIR_PATH}/Podfile.lock",
				"${PODS_ROOT}/Manifest.lock",
			);
			name = "[CP] Check Pods Manifest.lock";
			outputFileListPaths = (
			);
			outputPaths = (
				"$(DERIVED_FILE_DIR)/Pods-iOS_ViewStudy-checkManifestLockResult.txt",
			);
			runOnlyForDeploymentPostprocessing = 0;
			shellPath = /bin/sh;
			shellScript = "diff \"${PODS_PODFILE_DIR_PATH}/Podfile.lock\" \"${PODS_ROOT}/Manifest.lock\" > /dev/null\nif [ $? != 0 ] ; then\n    # print error to STDERR\n    echo \"error: The sandbox is not in sync with the Podfile.lock. Run 'pod install' or update your CocoaPods installation.\" >&2\n    exit 1\nfi\n# This output is used by Xcode 'outputs' to avoid re-running this script phase.\necho \"SUCCESS\" > \"${SCRIPT_OUTPUT_FILE_0}\"\n";
			showEnvVarsInLog = 0;
		};
/* End PBXShellScriptBuildPhase section */

/* Begin PBXSourcesBuildPhase section */
		238A3C95277E14530009A5C9 /* Sources */ = {
			isa = PBXSourcesBuildPhase;
			buildActionMask = 2147483647;
			files = (
				23F0138C27A1488800C87399 /* CoinData.swift in Sources */,
				23552CB927B6529200550748 /* PostManager.swift in Sources */,
				23A261B227A112EF0052D244 /* CoinManager.swift in Sources */,
				239734FD28292800003D233C /* EmotionType.swift in Sources */,
				2376C23B2786D3C700EBE329 /* ProfileImageWithGallery.swift in Sources */,
				23A261AC27A106A00052D244 /* ByteCoinVC.swift in Sources */,
				23247F9B27A94B66005B7578 /* CommunityVC.swift in Sources */,
				23750005278C398A0005C558 /* DragCollectionView.swift in Sources */,
				23FF818B283BCF53002FEAA8 /* UIVIewController+.swift in Sources */,
				2330A7C8277E284200097A6A /* NavigationBarFadeAnimation.swift in Sources */,
				239A445227B37DB900D99521 /* TableViewReusableHeader.swift in Sources */,
				2355FAE427B1751500818E37 /* StackViewWithScrollView.swift in Sources */,
				23247FA127A94FE9005B7578 /* CommunityTVC.swift in Sources */,
				23F75412286F22F0002CEF45 /* UIDevice+.swift in Sources */,
				23934D3D2790632F007857D3 /* SideMenu.swift in Sources */,
				23F75418286F2377002CEF45 /* UIView+.swift in Sources */,
				2375000C278C62C80005C558 /* DevicePhotoCV.swift in Sources */,
				23F7540F286F2193002CEF45 /* UIWindow+.swift in Sources */,
				23934D452790683D007857D3 /* CustomSideMenuNC.swift in Sources */,
				23190FBF279C1727000F96DF /* TransformViewToImageVC.swift in Sources */,
				23190FC4279C5512000F96DF /* OnboardingVC.swift in Sources */,
				23FF8191283BD1C5002FEAA8 /* MyPage.swift in Sources */,
				23190FC8279C623E000F96DF /* OnboardingBaseVC.swift in Sources */,
				238A3CA1277E14530009A5C9 /* UpsideViewScroll.swift in Sources */,
				239734FB282907F7003D233C /* Dailyst.swift in Sources */,
				23295D16279B08540097AEC8 /* MenuBtnTVC.swift in Sources */,
				23FF8195283BD24A002FEAA8 /* ToastType.swift in Sources */,
				23CF06B627AEC32300E81F4C /* ViewControllerFactory.swift in Sources */,
				239A0B53279DA829000A2567 /* BasicCVC.swift in Sources */,
				2369505327D71EE000A0B01A /* CustomCameraVC.swift in Sources */,
				23DC8F9E27B9356700F79EF4 /* PostTVC.swift in Sources */,
				23F7540D286F216A002CEF45 /* UIApplication+.swift in Sources */,
				23247FA327A95AAE005B7578 /* CellFooterView.swift in Sources */,
				23CF06B227AEC2C200E81F4C /* PostFeedVC.swift in Sources */,
				23E4E58B283BAD4000864E6D /* NavigationBar.swift in Sources */,
				231A97D6279B030A00143845 /* MenuBtnVC.swift in Sources */,
				23DC8F9927B9315C00F79EF4 /* PostVM.swift in Sources */,
				23FF8193283BD231002FEAA8 /* ToastView.swift in Sources */,
				23F75416286F235D002CEF45 /* UITextView+.swift in Sources */,
				23CB9EBC27ACEC3100BC0F97 /* ButtonCustomVC.swift in Sources */,
				239A0B4F279DA436000A2567 /* CollectionViewBasicVC.swift in Sources */,
				23552CBB27B6579D00550748 /* ITZZAAPITestVC.swift in Sources */,
				23CF06AE27AEC16200E81F4C /* CategoryVC.swift in Sources */,
				23750010278C6D0E0005C558 /* DevicePhotoCVC.swift in Sources */,
				239A445627B37F1900D99521 /* TableViewWithHeaderView.swift in Sources */,
				234D0CF127CE9A7C00E48FC5 /* YPImagePickerTest.swift in Sources */,
				23934D4127906653007857D3 /* BaseView.swift in Sources */,
				2397350128295032003D233C /* DailystBase.swift in Sources */,
				23750009278C459A0005C558 /* DragCollectionViewCell.swift in Sources */,
				23EA90662844F4EC00D2300E /* LockVC.swift in Sources */,
				23FF818D283BCFFC002FEAA8 /* NaviType.swift in Sources */,
				23ADD5852850AC4A003AAF4C /* LockSettingVC.swift in Sources */,
				23EA90682844F8B900D2300E /* KeypadCVC.swift in Sources */,
				23247F9F27A94D36005B7578 /* ProfileHeaderView.swift in Sources */,
				23F75414286F233C002CEF45 /* UILabel+.swift in Sources */,
				23552CB727B6528800550748 /* PostModel.swift in Sources */,
				238A3C9D277E14530009A5C9 /* AppDelegate.swift in Sources */,
			);
			runOnlyForDeploymentPostprocessing = 0;
		};
/* End PBXSourcesBuildPhase section */

/* Begin PBXVariantGroup section */
		238A3CA2277E14530009A5C9 /* UpsideViewScroll.storyboard */ = {
			isa = PBXVariantGroup;
			children = (
				238A3CA3277E14530009A5C9 /* Base */,
			);
			name = UpsideViewScroll.storyboard;
			sourceTree = "<group>";
		};
		238A3CA7277E14530009A5C9 /* LaunchScreen.storyboard */ = {
			isa = PBXVariantGroup;
			children = (
				238A3CA8277E14530009A5C9 /* Base */,
			);
			name = LaunchScreen.storyboard;
			sourceTree = "<group>";
		};
/* End PBXVariantGroup section */

/* Begin XCBuildConfiguration section */
		238A3CAB277E14530009A5C9 /* Debug */ = {
			isa = XCBuildConfiguration;
			buildSettings = {
				ALWAYS_SEARCH_USER_PATHS = NO;
				CLANG_ANALYZER_NONNULL = YES;
				CLANG_ANALYZER_NUMBER_OBJECT_CONVERSION = YES_AGGRESSIVE;
				CLANG_CXX_LANGUAGE_STANDARD = "gnu++17";
				CLANG_CXX_LIBRARY = "libc++";
				CLANG_ENABLE_MODULES = YES;
				CLANG_ENABLE_OBJC_ARC = YES;
				CLANG_ENABLE_OBJC_WEAK = YES;
				CLANG_WARN_BLOCK_CAPTURE_AUTORELEASING = YES;
				CLANG_WARN_BOOL_CONVERSION = YES;
				CLANG_WARN_COMMA = YES;
				CLANG_WARN_CONSTANT_CONVERSION = YES;
				CLANG_WARN_DEPRECATED_OBJC_IMPLEMENTATIONS = YES;
				CLANG_WARN_DIRECT_OBJC_ISA_USAGE = YES_ERROR;
				CLANG_WARN_DOCUMENTATION_COMMENTS = YES;
				CLANG_WARN_EMPTY_BODY = YES;
				CLANG_WARN_ENUM_CONVERSION = YES;
				CLANG_WARN_INFINITE_RECURSION = YES;
				CLANG_WARN_INT_CONVERSION = YES;
				CLANG_WARN_NON_LITERAL_NULL_CONVERSION = YES;
				CLANG_WARN_OBJC_IMPLICIT_RETAIN_SELF = YES;
				CLANG_WARN_OBJC_LITERAL_CONVERSION = YES;
				CLANG_WARN_OBJC_ROOT_CLASS = YES_ERROR;
				CLANG_WARN_QUOTED_INCLUDE_IN_FRAMEWORK_HEADER = YES;
				CLANG_WARN_RANGE_LOOP_ANALYSIS = YES;
				CLANG_WARN_STRICT_PROTOTYPES = YES;
				CLANG_WARN_SUSPICIOUS_MOVE = YES;
				CLANG_WARN_UNGUARDED_AVAILABILITY = YES_AGGRESSIVE;
				CLANG_WARN_UNREACHABLE_CODE = YES;
				CLANG_WARN__DUPLICATE_METHOD_MATCH = YES;
				COPY_PHASE_STRIP = NO;
				DEBUG_INFORMATION_FORMAT = dwarf;
				ENABLE_STRICT_OBJC_MSGSEND = YES;
				ENABLE_TESTABILITY = YES;
				GCC_C_LANGUAGE_STANDARD = gnu11;
				GCC_DYNAMIC_NO_PIC = NO;
				GCC_NO_COMMON_BLOCKS = YES;
				GCC_OPTIMIZATION_LEVEL = 0;
				GCC_PREPROCESSOR_DEFINITIONS = (
					"DEBUG=1",
					"$(inherited)",
				);
				GCC_WARN_64_TO_32_BIT_CONVERSION = YES;
				GCC_WARN_ABOUT_RETURN_TYPE = YES_ERROR;
				GCC_WARN_UNDECLARED_SELECTOR = YES;
				GCC_WARN_UNINITIALIZED_AUTOS = YES_AGGRESSIVE;
				GCC_WARN_UNUSED_FUNCTION = YES;
				GCC_WARN_UNUSED_VARIABLE = YES;
				IPHONEOS_DEPLOYMENT_TARGET = 15.0;
				MTL_ENABLE_DEBUG_INFO = INCLUDE_SOURCE;
				MTL_FAST_MATH = YES;
				ONLY_ACTIVE_ARCH = YES;
				SDKROOT = iphoneos;
				SWIFT_ACTIVE_COMPILATION_CONDITIONS = DEBUG;
				SWIFT_OPTIMIZATION_LEVEL = "-Onone";
			};
			name = Debug;
		};
		238A3CAC277E14530009A5C9 /* Release */ = {
			isa = XCBuildConfiguration;
			buildSettings = {
				ALWAYS_SEARCH_USER_PATHS = NO;
				CLANG_ANALYZER_NONNULL = YES;
				CLANG_ANALYZER_NUMBER_OBJECT_CONVERSION = YES_AGGRESSIVE;
				CLANG_CXX_LANGUAGE_STANDARD = "gnu++17";
				CLANG_CXX_LIBRARY = "libc++";
				CLANG_ENABLE_MODULES = YES;
				CLANG_ENABLE_OBJC_ARC = YES;
				CLANG_ENABLE_OBJC_WEAK = YES;
				CLANG_WARN_BLOCK_CAPTURE_AUTORELEASING = YES;
				CLANG_WARN_BOOL_CONVERSION = YES;
				CLANG_WARN_COMMA = YES;
				CLANG_WARN_CONSTANT_CONVERSION = YES;
				CLANG_WARN_DEPRECATED_OBJC_IMPLEMENTATIONS = YES;
				CLANG_WARN_DIRECT_OBJC_ISA_USAGE = YES_ERROR;
				CLANG_WARN_DOCUMENTATION_COMMENTS = YES;
				CLANG_WARN_EMPTY_BODY = YES;
				CLANG_WARN_ENUM_CONVERSION = YES;
				CLANG_WARN_INFINITE_RECURSION = YES;
				CLANG_WARN_INT_CONVERSION = YES;
				CLANG_WARN_NON_LITERAL_NULL_CONVERSION = YES;
				CLANG_WARN_OBJC_IMPLICIT_RETAIN_SELF = YES;
				CLANG_WARN_OBJC_LITERAL_CONVERSION = YES;
				CLANG_WARN_OBJC_ROOT_CLASS = YES_ERROR;
				CLANG_WARN_QUOTED_INCLUDE_IN_FRAMEWORK_HEADER = YES;
				CLANG_WARN_RANGE_LOOP_ANALYSIS = YES;
				CLANG_WARN_STRICT_PROTOTYPES = YES;
				CLANG_WARN_SUSPICIOUS_MOVE = YES;
				CLANG_WARN_UNGUARDED_AVAILABILITY = YES_AGGRESSIVE;
				CLANG_WARN_UNREACHABLE_CODE = YES;
				CLANG_WARN__DUPLICATE_METHOD_MATCH = YES;
				COPY_PHASE_STRIP = NO;
				DEBUG_INFORMATION_FORMAT = "dwarf-with-dsym";
				ENABLE_NS_ASSERTIONS = NO;
				ENABLE_STRICT_OBJC_MSGSEND = YES;
				GCC_C_LANGUAGE_STANDARD = gnu11;
				GCC_NO_COMMON_BLOCKS = YES;
				GCC_WARN_64_TO_32_BIT_CONVERSION = YES;
				GCC_WARN_ABOUT_RETURN_TYPE = YES_ERROR;
				GCC_WARN_UNDECLARED_SELECTOR = YES;
				GCC_WARN_UNINITIALIZED_AUTOS = YES_AGGRESSIVE;
				GCC_WARN_UNUSED_FUNCTION = YES;
				GCC_WARN_UNUSED_VARIABLE = YES;
				IPHONEOS_DEPLOYMENT_TARGET = 15.0;
				MTL_ENABLE_DEBUG_INFO = NO;
				MTL_FAST_MATH = YES;
				SDKROOT = iphoneos;
				SWIFT_COMPILATION_MODE = wholemodule;
				SWIFT_OPTIMIZATION_LEVEL = "-O";
				VALIDATE_PRODUCT = YES;
			};
			name = Release;
		};
		238A3CAE277E14530009A5C9 /* Debug */ = {
			isa = XCBuildConfiguration;
			baseConfigurationReference = 0DF7911C188C0895B3A1A444 /* Pods-iOS_ViewStudy.debug.xcconfig */;
			buildSettings = {
				ASSETCATALOG_COMPILER_APPICON_NAME = AppIcon;
				ASSETCATALOG_COMPILER_GLOBAL_ACCENT_COLOR_NAME = AccentColor;
				CODE_SIGN_STYLE = Automatic;
				CURRENT_PROJECT_VERSION = 1;
				DEVELOPMENT_TEAM = U2Z5Z44P4R;
				GENERATE_INFOPLIST_FILE = YES;
				INFOPLIST_FILE = iOS_ViewStudy/Supports/Info.plist;
				INFOPLIST_KEY_NSCameraUsageDescription = "";
				INFOPLIST_KEY_NSPhotoLibraryAddUsageDescription = "";
				INFOPLIST_KEY_NSPhotoLibraryUsageDescription = "프로필 사진 수정을 위한 갤러리 접근 권한!";
				INFOPLIST_KEY_UIApplicationSupportsIndirectInputEvents = YES;
				INFOPLIST_KEY_UILaunchStoryboardName = LaunchScreen;
				INFOPLIST_KEY_UIMainStoryboardFile = DailystBase;
				INFOPLIST_KEY_UISupportedInterfaceOrientations_iPad = "UIInterfaceOrientationPortrait UIInterfaceOrientationPortraitUpsideDown UIInterfaceOrientationLandscapeLeft UIInterfaceOrientationLandscapeRight";
				INFOPLIST_KEY_UISupportedInterfaceOrientations_iPhone = "UIInterfaceOrientationPortrait UIInterfaceOrientationLandscapeLeft UIInterfaceOrientationLandscapeRight";
				LD_RUNPATH_SEARCH_PATHS = (
					"$(inherited)",
					"@executable_path/Frameworks",
				);
				MARKETING_VERSION = 1.0;
				PRODUCT_BUNDLE_IDENTIFIER = "com.hyk.iOS-ViewStudy";
				PRODUCT_NAME = "$(TARGET_NAME)";
				SWIFT_EMIT_LOC_STRINGS = YES;
				SWIFT_VERSION = 5.0;
				TARGETED_DEVICE_FAMILY = "1,2";
			};
			name = Debug;
		};
		238A3CAF277E14530009A5C9 /* Release */ = {
			isa = XCBuildConfiguration;
			baseConfigurationReference = F0987B3D62142B084E58037B /* Pods-iOS_ViewStudy.release.xcconfig */;
			buildSettings = {
				ASSETCATALOG_COMPILER_APPICON_NAME = AppIcon;
				ASSETCATALOG_COMPILER_GLOBAL_ACCENT_COLOR_NAME = AccentColor;
				CODE_SIGN_STYLE = Automatic;
				CURRENT_PROJECT_VERSION = 1;
				DEVELOPMENT_TEAM = U2Z5Z44P4R;
				GENERATE_INFOPLIST_FILE = YES;
				INFOPLIST_FILE = iOS_ViewStudy/Supports/Info.plist;
				INFOPLIST_KEY_NSCameraUsageDescription = "";
				INFOPLIST_KEY_NSPhotoLibraryAddUsageDescription = "";
				INFOPLIST_KEY_NSPhotoLibraryUsageDescription = "프로필 사진 수정을 위한 갤러리 접근 권한!";
				INFOPLIST_KEY_UIApplicationSupportsIndirectInputEvents = YES;
				INFOPLIST_KEY_UILaunchStoryboardName = LaunchScreen;
				INFOPLIST_KEY_UIMainStoryboardFile = DailystBase;
				INFOPLIST_KEY_UISupportedInterfaceOrientations_iPad = "UIInterfaceOrientationPortrait UIInterfaceOrientationPortraitUpsideDown UIInterfaceOrientationLandscapeLeft UIInterfaceOrientationLandscapeRight";
				INFOPLIST_KEY_UISupportedInterfaceOrientations_iPhone = "UIInterfaceOrientationPortrait UIInterfaceOrientationLandscapeLeft UIInterfaceOrientationLandscapeRight";
				LD_RUNPATH_SEARCH_PATHS = (
					"$(inherited)",
					"@executable_path/Frameworks",
				);
				MARKETING_VERSION = 1.0;
				PRODUCT_BUNDLE_IDENTIFIER = "com.hyk.iOS-ViewStudy";
				PRODUCT_NAME = "$(TARGET_NAME)";
				SWIFT_EMIT_LOC_STRINGS = YES;
				SWIFT_VERSION = 5.0;
				TARGETED_DEVICE_FAMILY = "1,2";
			};
			name = Release;
		};
/* End XCBuildConfiguration section */

/* Begin XCConfigurationList section */
		238A3C94277E14530009A5C9 /* Build configuration list for PBXProject "iOS_ViewStudy" */ = {
			isa = XCConfigurationList;
			buildConfigurations = (
				238A3CAB277E14530009A5C9 /* Debug */,
				238A3CAC277E14530009A5C9 /* Release */,
			);
			defaultConfigurationIsVisible = 0;
			defaultConfigurationName = Release;
		};
		238A3CAD277E14530009A5C9 /* Build configuration list for PBXNativeTarget "iOS_ViewStudy" */ = {
			isa = XCConfigurationList;
			buildConfigurations = (
				238A3CAE277E14530009A5C9 /* Debug */,
				238A3CAF277E14530009A5C9 /* Release */,
			);
			defaultConfigurationIsVisible = 0;
			defaultConfigurationName = Release;
		};
/* End XCConfigurationList section */
	};
	rootObject = 238A3C91277E14530009A5C9 /* Project object */;
}
